// !$*UTF8*$!
{
	archiveVersion = 1;
	classes = {
	};
	objectVersion = 50;
	objects = {

/* Begin PBXBuildFile section */
		F66E55FB256B977C004AB2C0 /* modularity.cpp in Sources */ = {isa = PBXBuildFile; fileRef = F66E55F9256B977C004AB2C0 /* modularity.cpp */; };
		F670420724EDE82700F83258 /* dataframe.cpp in Sources */ = {isa = PBXBuildFile; fileRef = F670420524EDE82700F83258 /* dataframe.cpp */; };
		F697A20524FAC393007F38CE /* graph_algo.cpp in Sources */ = {isa = PBXBuildFile; fileRef = F697A20324FAC393007F38CE /* graph_algo.cpp */; };
		F6AAF6C92564BFCC007B3209 /* community_detection.cpp in Sources */ = {isa = PBXBuildFile; fileRef = F6AAF6C72564BFCC007B3209 /* community_detection.cpp */; };
		F6B8DC6E24F488160094950C /* graph_util.cpp in Sources */ = {isa = PBXBuildFile; fileRef = F6B8DC6D24F488160094950C /* graph_util.cpp */; };
		F6ECDCD924D8CB9E00230768 /* main.cpp in Sources */ = {isa = PBXBuildFile; fileRef = F6ECDCC824D8CB9E00230768 /* main.cpp */; };
		F6ECDCDA24D8CB9E00230768 /* TSVReader.cpp in Sources */ = {isa = PBXBuildFile; fileRef = F6ECDCCB24D8CB9E00230768 /* TSVReader.cpp */; };
		F6ECDCDB24D8CB9E00230768 /* utility.cpp in Sources */ = {isa = PBXBuildFile; fileRef = F6ECDCCC24D8CB9E00230768 /* utility.cpp */; };
		F6ECDCDC24D8CB9E00230768 /* graph_report.cpp in Sources */ = {isa = PBXBuildFile; fileRef = F6ECDCCE24D8CB9E00230768 /* graph_report.cpp */; };
		F6ECDCDD24D8CB9E00230768 /* IFileReaderFuncs.cpp in Sources */ = {isa = PBXBuildFile; fileRef = F6ECDCCF24D8CB9E00230768 /* IFileReaderFuncs.cpp */; };
		F6ECDCDE24D8CB9E00230768 /* graph.cpp in Sources */ = {isa = PBXBuildFile; fileRef = F6ECDCD024D8CB9E00230768 /* graph.cpp */; };
		F6ECDCDF24D8CB9E00230768 /* FileReaderBase.cpp in Sources */ = {isa = PBXBuildFile; fileRef = F6ECDCD824D8CB9E00230768 /* FileReaderBase.cpp */; };
/* End PBXBuildFile section */

/* Begin PBXCopyFilesBuildPhase section */
		F633D31C24CC448A003EBA00 /* CopyFiles */ = {
			isa = PBXCopyFilesBuildPhase;
			buildActionMask = 2147483647;
			dstPath = /usr/share/man/man1/;
			dstSubfolderSpec = 0;
			files = (
			);
			runOnlyForDeploymentPostprocessing = 1;
		};
/* End PBXCopyFilesBuildPhase section */

/* Begin PBXFileReference section */
		F633D31E24CC448A003EBA00 /* networkz */ = {isa = PBXFileReference; explicitFileType = "compiled.mach-o.executable"; includeInIndex = 0; path = networkz; sourceTree = BUILT_PRODUCTS_DIR; };
		F633D32B24CC5F7B003EBA00 /* networkz.entitlements */ = {isa = PBXFileReference; lastKnownFileType = text.plist.entitlements; path = networkz.entitlements; sourceTree = "<group>"; };
		F66E55F9256B977C004AB2C0 /* modularity.cpp */ = {isa = PBXFileReference; lastKnownFileType = sourcecode.cpp.cpp; path = modularity.cpp; sourceTree = "<group>"; };
		F66E55FA256B977C004AB2C0 /* modularity.hpp */ = {isa = PBXFileReference; lastKnownFileType = sourcecode.cpp.h; path = modularity.hpp; sourceTree = "<group>"; };
		F670420524EDE82700F83258 /* dataframe.cpp */ = {isa = PBXFileReference; lastKnownFileType = sourcecode.cpp.cpp; path = dataframe.cpp; sourceTree = "<group>"; };
		F670420624EDE82700F83258 /* dataframe.hpp */ = {isa = PBXFileReference; lastKnownFileType = sourcecode.cpp.h; path = dataframe.hpp; sourceTree = "<group>"; };
		F697A20324FAC393007F38CE /* graph_algo.cpp */ = {isa = PBXFileReference; lastKnownFileType = sourcecode.cpp.cpp; path = graph_algo.cpp; sourceTree = "<group>"; };
		F697A20424FAC393007F38CE /* graph_algo.hpp */ = {isa = PBXFileReference; lastKnownFileType = sourcecode.cpp.h; path = graph_algo.hpp; sourceTree = "<group>"; };
		F6AAF6C72564BFCC007B3209 /* community_detection.cpp */ = {isa = PBXFileReference; lastKnownFileType = sourcecode.cpp.cpp; path = community_detection.cpp; sourceTree = "<group>"; };
		F6AAF6C82564BFCC007B3209 /* community_detection.hpp */ = {isa = PBXFileReference; lastKnownFileType = sourcecode.cpp.h; path = community_detection.hpp; sourceTree = "<group>"; };
		F6B8DC6C24F488160094950C /* graph_util.hpp */ = {isa = PBXFileReference; fileEncoding = 4; lastKnownFileType = sourcecode.cpp.h; path = graph_util.hpp; sourceTree = "<group>"; };
		F6B8DC6D24F488160094950C /* graph_util.cpp */ = {isa = PBXFileReference; fileEncoding = 4; lastKnownFileType = sourcecode.cpp.cpp; path = graph_util.cpp; sourceTree = "<group>"; };
		F6ECDCC824D8CB9E00230768 /* main.cpp */ = {isa = PBXFileReference; fileEncoding = 4; lastKnownFileType = sourcecode.cpp.cpp; path = main.cpp; sourceTree = "<group>"; };
		F6ECDCC924D8CB9E00230768 /* common.hpp */ = {isa = PBXFileReference; fileEncoding = 4; lastKnownFileType = sourcecode.cpp.h; path = common.hpp; sourceTree = "<group>"; };
		F6ECDCCA24D8CB9E00230768 /* utility.hpp */ = {isa = PBXFileReference; fileEncoding = 4; lastKnownFileType = sourcecode.cpp.h; path = utility.hpp; sourceTree = "<group>"; };
		F6ECDCCB24D8CB9E00230768 /* TSVReader.cpp */ = {isa = PBXFileReference; fileEncoding = 4; lastKnownFileType = sourcecode.cpp.cpp; path = TSVReader.cpp; sourceTree = "<group>"; };
		F6ECDCCC24D8CB9E00230768 /* utility.cpp */ = {isa = PBXFileReference; fileEncoding = 4; lastKnownFileType = sourcecode.cpp.cpp; path = utility.cpp; sourceTree = "<group>"; };
		F6ECDCCD24D8CB9E00230768 /* IFileReaderFuncs.hpp */ = {isa = PBXFileReference; fileEncoding = 4; lastKnownFileType = sourcecode.cpp.h; path = IFileReaderFuncs.hpp; sourceTree = "<group>"; };
		F6ECDCCE24D8CB9E00230768 /* graph_report.cpp */ = {isa = PBXFileReference; fileEncoding = 4; lastKnownFileType = sourcecode.cpp.cpp; path = graph_report.cpp; sourceTree = "<group>"; };
		F6ECDCCF24D8CB9E00230768 /* IFileReaderFuncs.cpp */ = {isa = PBXFileReference; fileEncoding = 4; lastKnownFileType = sourcecode.cpp.cpp; path = IFileReaderFuncs.cpp; sourceTree = "<group>"; };
		F6ECDCD024D8CB9E00230768 /* graph.cpp */ = {isa = PBXFileReference; fileEncoding = 4; lastKnownFileType = sourcecode.cpp.cpp; path = graph.cpp; sourceTree = "<group>"; };
		F6ECDCD124D8CB9E00230768 /* graph.hpp */ = {isa = PBXFileReference; fileEncoding = 4; lastKnownFileType = sourcecode.cpp.h; path = graph.hpp; sourceTree = "<group>"; };
		F6ECDCD224D8CB9E00230768 /* FileReaderFactory.hpp */ = {isa = PBXFileReference; fileEncoding = 4; lastKnownFileType = sourcecode.cpp.h; path = FileReaderFactory.hpp; sourceTree = "<group>"; };
		F6ECDCD324D8CB9E00230768 /* TSVReader.hpp */ = {isa = PBXFileReference; fileEncoding = 4; lastKnownFileType = sourcecode.cpp.h; path = TSVReader.hpp; sourceTree = "<group>"; };
		F6ECDCD424D8CB9E00230768 /* config.hpp */ = {isa = PBXFileReference; fileEncoding = 4; lastKnownFileType = sourcecode.cpp.h; path = config.hpp; sourceTree = "<group>"; };
		F6ECDCD524D8CB9E00230768 /* cli_opt.hpp */ = {isa = PBXFileReference; fileEncoding = 4; lastKnownFileType = sourcecode.cpp.h; path = cli_opt.hpp; sourceTree = "<group>"; };
		F6ECDCD624D8CB9E00230768 /* graph_report.hpp */ = {isa = PBXFileReference; fileEncoding = 4; lastKnownFileType = sourcecode.cpp.h; path = graph_report.hpp; sourceTree = "<group>"; };
		F6ECDCD724D8CB9E00230768 /* FileReaderBase.hpp */ = {isa = PBXFileReference; fileEncoding = 4; lastKnownFileType = sourcecode.cpp.h; path = FileReaderBase.hpp; sourceTree = "<group>"; };
		F6ECDCD824D8CB9E00230768 /* FileReaderBase.cpp */ = {isa = PBXFileReference; fileEncoding = 4; lastKnownFileType = sourcecode.cpp.cpp; path = FileReaderBase.cpp; sourceTree = "<group>"; };
		F6ECDCE024D8D2B000230768 /* CMakeLists.txt */ = {isa = PBXFileReference; fileEncoding = 4; lastKnownFileType = text; path = CMakeLists.txt; sourceTree = "<group>"; };
/* End PBXFileReference section */

/* Begin PBXFrameworksBuildPhase section */
		F633D31B24CC448A003EBA00 /* Frameworks */ = {
			isa = PBXFrameworksBuildPhase;
			buildActionMask = 2147483647;
			files = (
			);
			runOnlyForDeploymentPostprocessing = 0;
		};
/* End PBXFrameworksBuildPhase section */

/* Begin PBXGroup section */
		F633D31524CC448A003EBA00 = {
			isa = PBXGroup;
			children = (
				F633D32024CC448A003EBA00 /* networkz */,
				F633D31F24CC448A003EBA00 /* Products */,
			);
			sourceTree = "<group>";
		};
		F633D31F24CC448A003EBA00 /* Products */ = {
			isa = PBXGroup;
			children = (
				F633D31E24CC448A003EBA00 /* networkz */,
			);
			name = Products;
			sourceTree = "<group>";
		};
		F633D32024CC448A003EBA00 /* networkz */ = {
			isa = PBXGroup;
			children = (
				F6ECDCD024D8CB9E00230768 /* graph.cpp */,
				F6ECDCD124D8CB9E00230768 /* graph.hpp */,
				F6ECDCCE24D8CB9E00230768 /* graph_report.cpp */,
				F6ECDCD624D8CB9E00230768 /* graph_report.hpp */,
				F6B8DC6D24F488160094950C /* graph_util.cpp */,
				F6B8DC6C24F488160094950C /* graph_util.hpp */,
				F66E55F9256B977C004AB2C0 /* modularity.cpp */,
				F66E55FA256B977C004AB2C0 /* modularity.hpp */,
				F6AAF6C72564BFCC007B3209 /* community_detection.cpp */,
				F6AAF6C82564BFCC007B3209 /* community_detection.hpp */,
				F697A20324FAC393007F38CE /* graph_algo.cpp */,
				F697A20424FAC393007F38CE /* graph_algo.hpp */,
				F670420524EDE82700F83258 /* dataframe.cpp */,
				F670420624EDE82700F83258 /* dataframe.hpp */,
				F6ECDCE024D8D2B000230768 /* CMakeLists.txt */,
				F6ECDCD524D8CB9E00230768 /* cli_opt.hpp */,
				F6ECDCC924D8CB9E00230768 /* common.hpp */,
				F6ECDCD424D8CB9E00230768 /* config.hpp */,
				F6ECDCD824D8CB9E00230768 /* FileReaderBase.cpp */,
				F6ECDCD724D8CB9E00230768 /* FileReaderBase.hpp */,
				F6ECDCD224D8CB9E00230768 /* FileReaderFactory.hpp */,
				F6ECDCCF24D8CB9E00230768 /* IFileReaderFuncs.cpp */,
				F6ECDCCD24D8CB9E00230768 /* IFileReaderFuncs.hpp */,
				F6ECDCCB24D8CB9E00230768 /* TSVReader.cpp */,
				F6ECDCD324D8CB9E00230768 /* TSVReader.hpp */,
				F6ECDCCC24D8CB9E00230768 /* utility.cpp */,
				F6ECDCCA24D8CB9E00230768 /* utility.hpp */,
				F633D32B24CC5F7B003EBA00 /* networkz.entitlements */,
				F6ECDCC824D8CB9E00230768 /* main.cpp */,
			);
			path = networkz;
			sourceTree = "<group>";
		};
/* End PBXGroup section */

/* Begin PBXNativeTarget section */
		F633D31D24CC448A003EBA00 /* networkz */ = {
			isa = PBXNativeTarget;
			buildConfigurationList = F633D32524CC448A003EBA00 /* Build configuration list for PBXNativeTarget "networkz" */;
			buildPhases = (
				F633D31A24CC448A003EBA00 /* Sources */,
				F633D31B24CC448A003EBA00 /* Frameworks */,
				F633D31C24CC448A003EBA00 /* CopyFiles */,
			);
			buildRules = (
			);
			dependencies = (
			);
			name = networkz;
			productName = networkz;
			productReference = F633D31E24CC448A003EBA00 /* networkz */;
			productType = "com.apple.product-type.tool";
		};
/* End PBXNativeTarget section */

/* Begin PBXProject section */
		F633D31624CC448A003EBA00 /* Project object */ = {
			isa = PBXProject;
			attributes = {
				LastUpgradeCheck = 1220;
				ORGANIZATIONNAME = "曹巍";
				TargetAttributes = {
					F633D31D24CC448A003EBA00 = {
						CreatedOnToolsVersion = 11.6;
					};
				};
			};
			buildConfigurationList = F633D31924CC448A003EBA00 /* Build configuration list for PBXProject "networkz" */;
			compatibilityVersion = "Xcode 9.3";
			developmentRegion = en;
			hasScannedForEncodings = 0;
			knownRegions = (
				en,
				Base,
			);
			mainGroup = F633D31524CC448A003EBA00;
			productRefGroup = F633D31F24CC448A003EBA00 /* Products */;
			projectDirPath = "";
			projectRoot = "";
			targets = (
				F633D31D24CC448A003EBA00 /* networkz */,
			);
		};
/* End PBXProject section */

/* Begin PBXSourcesBuildPhase section */
		F633D31A24CC448A003EBA00 /* Sources */ = {
			isa = PBXSourcesBuildPhase;
			buildActionMask = 2147483647;
			files = (
				F697A20524FAC393007F38CE /* graph_algo.cpp in Sources */,
				F66E55FB256B977C004AB2C0 /* modularity.cpp in Sources */,
				F6AAF6C92564BFCC007B3209 /* community_detection.cpp in Sources */,
				F6B8DC6E24F488160094950C /* graph_util.cpp in Sources */,
				F6ECDCDB24D8CB9E00230768 /* utility.cpp in Sources */,
				F6ECDCDD24D8CB9E00230768 /* IFileReaderFuncs.cpp in Sources */,
				F6ECDCDA24D8CB9E00230768 /* TSVReader.cpp in Sources */,
				F670420724EDE82700F83258 /* dataframe.cpp in Sources */,
				F6ECDCDE24D8CB9E00230768 /* graph.cpp in Sources */,
				F6ECDCDC24D8CB9E00230768 /* graph_report.cpp in Sources */,
				F6ECDCDF24D8CB9E00230768 /* FileReaderBase.cpp in Sources */,
				F6ECDCD924D8CB9E00230768 /* main.cpp in Sources */,
			);
			runOnlyForDeploymentPostprocessing = 0;
		};
/* End PBXSourcesBuildPhase section */

/* Begin XCBuildConfiguration section */
		F633D32324CC448A003EBA00 /* Debug */ = {
			isa = XCBuildConfiguration;
			buildSettings = {
				ALWAYS_SEARCH_USER_PATHS = NO;
				CLANG_ANALYZER_NONNULL = YES;
				CLANG_ANALYZER_NUMBER_OBJECT_CONVERSION = YES_AGGRESSIVE;
				CLANG_CXX_LANGUAGE_STANDARD = "c++17";
				CLANG_CXX_LIBRARY = "libc++";
				CLANG_ENABLE_MODULES = YES;
				CLANG_ENABLE_OBJC_ARC = YES;
				CLANG_ENABLE_OBJC_WEAK = YES;
				CLANG_WARN_BLOCK_CAPTURE_AUTORELEASING = YES;
				CLANG_WARN_BOOL_CONVERSION = YES;
				CLANG_WARN_COMMA = YES;
				CLANG_WARN_CONSTANT_CONVERSION = YES;
				CLANG_WARN_DEPRECATED_OBJC_IMPLEMENTATIONS = YES;
				CLANG_WARN_DIRECT_OBJC_ISA_USAGE = YES_ERROR;
				CLANG_WARN_DOCUMENTATION_COMMENTS = NO;
				CLANG_WARN_EMPTY_BODY = YES;
				CLANG_WARN_ENUM_CONVERSION = YES;
				CLANG_WARN_INFINITE_RECURSION = YES;
				CLANG_WARN_INT_CONVERSION = YES;
				CLANG_WARN_NON_LITERAL_NULL_CONVERSION = YES;
				CLANG_WARN_OBJC_IMPLICIT_RETAIN_SELF = YES;
				CLANG_WARN_OBJC_LITERAL_CONVERSION = YES;
				CLANG_WARN_OBJC_ROOT_CLASS = YES_ERROR;
				CLANG_WARN_QUOTED_INCLUDE_IN_FRAMEWORK_HEADER = YES;
				CLANG_WARN_RANGE_LOOP_ANALYSIS = YES;
				CLANG_WARN_STRICT_PROTOTYPES = YES;
				CLANG_WARN_SUSPICIOUS_MOVE = YES;
				CLANG_WARN_UNGUARDED_AVAILABILITY = YES_AGGRESSIVE;
				CLANG_WARN_UNREACHABLE_CODE = YES;
				CLANG_WARN__DUPLICATE_METHOD_MATCH = YES;
				COPY_PHASE_STRIP = NO;
				DEBUG_INFORMATION_FORMAT = dwarf;
				ENABLE_STRICT_OBJC_MSGSEND = YES;
				ENABLE_TESTABILITY = YES;
				GCC_C_LANGUAGE_STANDARD = gnu11;
				GCC_DYNAMIC_NO_PIC = NO;
				GCC_NO_COMMON_BLOCKS = YES;
				GCC_OPTIMIZATION_LEVEL = 0;
				GCC_PREPROCESSOR_DEFINITIONS = (
					"DEBUG=1",
					"$(inherited)",
				);
				GCC_WARN_64_TO_32_BIT_CONVERSION = YES;
				GCC_WARN_ABOUT_RETURN_TYPE = YES_ERROR;
				GCC_WARN_UNDECLARED_SELECTOR = YES;
				GCC_WARN_UNINITIALIZED_AUTOS = YES_AGGRESSIVE;
				GCC_WARN_UNUSED_FUNCTION = YES;
				GCC_WARN_UNUSED_VARIABLE = YES;
				HEADER_SEARCH_PATHS = (
					"${BOOST_INC}",
					"${PROJECT_DIR}/thirdparty/eigen/include/eigen3",
				);
				LIBRARY_SEARCH_PATHS = "${BOOST_LIBS}";
				MACOSX_DEPLOYMENT_TARGET = 10.15;
				MTL_ENABLE_DEBUG_INFO = INCLUDE_SOURCE;
				MTL_FAST_MATH = YES;
				ONLY_ACTIVE_ARCH = YES;
				OTHER_CPLUSPLUSFLAGS = (
					"$(OTHER_CFLAGS)",
					"-fdeclspec",
				);
				OTHER_LDFLAGS = (
					"-lboost_graph",
					"-lboost_iostreams",
					"-lboost_timer",
					"-lboost_program_options",
					"-lboost_filesystem",
				);
				SDKROOT = macosx;
				SYSTEM_HEADER_SEARCH_PATHS = "${BOOST_INC}";
				USER_HEADER_SEARCH_PATHS = (
					"${BOOST_INC}",
					"${PROJECT_DIR}/thirdparty/eigen/include/eigen3",
				);
			};
			name = Debug;
		};
		F633D32424CC448A003EBA00 /* Release */ = {
			isa = XCBuildConfiguration;
			buildSettings = {
				ALWAYS_SEARCH_USER_PATHS = NO;
				CLANG_ANALYZER_NONNULL = YES;
				CLANG_ANALYZER_NUMBER_OBJECT_CONVERSION = YES_AGGRESSIVE;
				CLANG_CXX_LANGUAGE_STANDARD = "c++17";
				CLANG_CXX_LIBRARY = "libc++";
				CLANG_ENABLE_MODULES = YES;
				CLANG_ENABLE_OBJC_ARC = YES;
				CLANG_ENABLE_OBJC_WEAK = YES;
				CLANG_WARN_BLOCK_CAPTURE_AUTORELEASING = YES;
				CLANG_WARN_BOOL_CONVERSION = YES;
				CLANG_WARN_COMMA = YES;
				CLANG_WARN_CONSTANT_CONVERSION = YES;
				CLANG_WARN_DEPRECATED_OBJC_IMPLEMENTATIONS = YES;
				CLANG_WARN_DIRECT_OBJC_ISA_USAGE = YES_ERROR;
				CLANG_WARN_DOCUMENTATION_COMMENTS = NO;
				CLANG_WARN_EMPTY_BODY = YES;
				CLANG_WARN_ENUM_CONVERSION = YES;
				CLANG_WARN_INFINITE_RECURSION = YES;
				CLANG_WARN_INT_CONVERSION = YES;
				CLANG_WARN_NON_LITERAL_NULL_CONVERSION = YES;
				CLANG_WARN_OBJC_IMPLICIT_RETAIN_SELF = YES;
				CLANG_WARN_OBJC_LITERAL_CONVERSION = YES;
				CLANG_WARN_OBJC_ROOT_CLASS = YES_ERROR;
				CLANG_WARN_QUOTED_INCLUDE_IN_FRAMEWORK_HEADER = YES;
				CLANG_WARN_RANGE_LOOP_ANALYSIS = YES;
				CLANG_WARN_STRICT_PROTOTYPES = YES;
				CLANG_WARN_SUSPICIOUS_MOVE = YES;
				CLANG_WARN_UNGUARDED_AVAILABILITY = YES_AGGRESSIVE;
				CLANG_WARN_UNREACHABLE_CODE = YES;
				CLANG_WARN__DUPLICATE_METHOD_MATCH = YES;
				COPY_PHASE_STRIP = NO;
				DEBUG_INFORMATION_FORMAT = "dwarf-with-dsym";
				ENABLE_NS_ASSERTIONS = NO;
				ENABLE_STRICT_OBJC_MSGSEND = YES;
				GCC_C_LANGUAGE_STANDARD = gnu11;
				GCC_NO_COMMON_BLOCKS = YES;
				GCC_WARN_64_TO_32_BIT_CONVERSION = YES;
				GCC_WARN_ABOUT_RETURN_TYPE = YES_ERROR;
				GCC_WARN_UNDECLARED_SELECTOR = YES;
				GCC_WARN_UNINITIALIZED_AUTOS = YES_AGGRESSIVE;
				GCC_WARN_UNUSED_FUNCTION = YES;
				GCC_WARN_UNUSED_VARIABLE = YES;
				HEADER_SEARCH_PATHS = (
					"${BOOST_INC}",
					"${PROJECT_DIR}/thirdparty/eigen/include/eigen3",
				);
				LIBRARY_SEARCH_PATHS = "${BOOST_LIBS}";
				MACOSX_DEPLOYMENT_TARGET = 10.15;
				MTL_ENABLE_DEBUG_INFO = NO;
				MTL_FAST_MATH = YES;
				OTHER_CPLUSPLUSFLAGS = (
					"$(OTHER_CFLAGS)",
					"-fdeclspec",
				);
				OTHER_LDFLAGS = (
					"-lboost_graph",
					"-lboost_iostreams",
					"-lboost_timer",
					"-lboost_program_options",
					"-lboost_filesystem",
				);
				SDKROOT = macosx;
				SYSTEM_HEADER_SEARCH_PATHS = "${BOOST_INC}";
				USER_HEADER_SEARCH_PATHS = (
					"${BOOST_INC}",
					"${PROJECT_DIR}/thirdparty/eigen/include/eigen3",
				);
			};
			name = Release;
		};
		F633D32624CC448A003EBA00 /* Debug */ = {
			isa = XCBuildConfiguration;
			buildSettings = {
				CODE_SIGN_ENTITLEMENTS = networkz/networkz.entitlements;
				CODE_SIGN_IDENTITY = "-";
				CODE_SIGN_STYLE = Automatic;
				DEVELOPMENT_TEAM = CEQA8ZDKRR;
				ENABLE_HARDENED_RUNTIME = YES;
				HEADER_SEARCH_PATHS = (
					"${BOOST_INC}",
					"${OPENMPI_INC}",
					"${PROJECT_DIR}/thirdparty/eigen/include/eigen3",
					"${EIGEN_INC}",
				);
				LIBRARY_SEARCH_PATHS = (
					"${BOOST_LIBS}",
					"${OPENMPI_LIBS}",
				);
				PRODUCT_NAME = "$(TARGET_NAME)";
				USER_HEADER_SEARCH_PATHS = (
					"${BOOST_INC}",
					"${EIGEN_INC}",
				);
			};
			name = Debug;
		};
		F633D32724CC448A003EBA00 /* Release */ = {
			isa = XCBuildConfiguration;
			buildSettings = {
				CODE_SIGN_ENTITLEMENTS = networkz/networkz.entitlements;
				CODE_SIGN_IDENTITY = "-";
				CODE_SIGN_STYLE = Automatic;
				DEVELOPMENT_TEAM = CEQA8ZDKRR;
				ENABLE_HARDENED_RUNTIME = YES;
				HEADER_SEARCH_PATHS = (
					"${BOOST_INC}",
					"${OPENMPI_INC}",
					"${PROJECT_DIR}/thirdparty/eigen/include/eigen3",
					"${EIGEN_INC}",
				);
				LIBRARY_SEARCH_PATHS = (
					"${BOOST_LIBS}",
					"${OPENMPI_LIBS}",
				);
				PRODUCT_NAME = "$(TARGET_NAME)";
				USER_HEADER_SEARCH_PATHS = (
					"${BOOST_INC}",
					"${EIGEN_INC}",
				);
			};
			name = Release;
		};
/* End XCBuildConfiguration section */

/* Begin XCConfigurationList section */
		F633D31924CC448A003EBA00 /* Build configuration list for PBXProject "networkz" */ = {
			isa = XCConfigurationList;
			buildConfigurations = (
				F633D32324CC448A003EBA00 /* Debug */,
				F633D32424CC448A003EBA00 /* Release */,
			);
			defaultConfigurationIsVisible = 0;
			defaultConfigurationName = Release;
		};
		F633D32524CC448A003EBA00 /* Build configuration list for PBXNativeTarget "networkz" */ = {
			isa = XCConfigurationList;
			buildConfigurations = (
				F633D32624CC448A003EBA00 /* Debug */,
				F633D32724CC448A003EBA00 /* Release */,
			);
			defaultConfigurationIsVisible = 0;
			defaultConfigurationName = Release;
		};
/* End XCConfigurationList section */
	};
	rootObject = F633D31624CC448A003EBA00 /* Project object */;
}
